<?xml version="1.0" encoding="UTF-8" standalone="yes" ?>
<CodeBlocks_project_file>
	<FileVersion major="1" minor="6" />
	<Project>
		<Option title="Compilador" />
		<Option pch_mode="2" />
		<Option compiler="gcc" />
		<Option virtualFolders="scanner/;parser/;" />
		<Build>
			<Target title="Debug">
				<Option output="bin/Debug/Compilador" prefix_auto="1" extension_auto="1" />
				<Option object_output="obj/Debug/" />
				<Option type="1" />
				<Option compiler="gcc" />
				<Compiler>
					<Add option="-g" />
				</Compiler>
			</Target>
			<Target title="Release">
				<Option output="bin/Release/Compilador" prefix_auto="1" extension_auto="1" />
				<Option object_output="obj/Release/" />
				<Option type="1" />
				<Option compiler="gcc" />
				<Compiler>
					<Add option="-O2" />
				</Compiler>
				<Linker>
					<Add option="-s" />
				</Linker>
			</Target>
		</Build>
		<Compiler>
			<Add option="-Wall" />
		</Compiler>
		<Unit filename="auto_char.c">
			<Option compilerVar="CC" />
			<Option virtualFolder="scanner/" />
		</Unit>
		<Unit filename="auto_ident_pChave.c">
			<Option compilerVar="CC" />
			<Option virtualFolder="scanner/" />
		</Unit>
		<Unit filename="auto_int_float.c">
			<Option compilerVar="CC" />
			<Option virtualFolder="scanner/" />
		</Unit>
		<Unit filename="auto_symbol_coment.c">
			<Option compilerVar="CC" />
			<Option virtualFolder="scanner/" />
		</Unit>
		<Unit filename="compilador.c">
			<Option compilerVar="CC" />
		</Unit>
		<Unit filename="parser.c">
			<Option compilerVar="CC" />
			<Option virtualFolder="parser/" />
		</Unit>
		<Unit filename="parser.h" />
		<Unit filename="scanner.c">
			<Option compilerVar="CC" />
			<Option virtualFolder="scanner/" />
		</Unit>
		<Unit filename="scanner.h" />
		<Unit filename="teste.txt" />
		<Extensions>
			<code_completion />
			<debugger />
		</Extensions>
	</Project>
</CodeBlocks_project_file>
